
Microsoft Visual Studio Solution File, Format Version 12.00
# Visual Studio Version 16
VisualStudioVersion = 16.0.29102.190
MinimumVisualStudioVersion = 10.0.40219.1
Project("{9092AA53-FB77-4645-B42D-1CCCA6BD08BD}") = "WebApp1", "WebApp1.njsproj", "{D98A1F60-9661-483B-8661-6CC189950BB2}"
EndProject
Global
	GlobalSection(SolutionConfigurationPlatforms) = preSolution
		Debug|Any CPU = Debug|Any CPU
		Release|Any CPU = Release|Any CPU
	EndGlobalSection
	GlobalSection(ProjectConfigurationPlatforms) = postSolution
		{D98A1F60-9661-483B-8661-6CC189950BB2}.Debug|Any CPU.ActiveCfg = Debug|Any CPU
		{D98A1F60-9661-483B-8661-6CC189950BB2}.Debug|Any CPU.Build.0 = Debug|Any CPU
		{D98A1F60-9661-483B-8661-6CC189950BB2}.Release|Any CPU.ActiveCfg = Release|Any CPU
		{D98A1F60-9661-483B-8661-6CC189950BB2}.Release|Any CPU.Build.0 = Release|Any CPU
	EndGlobalSection
	GlobalSection(SolutionProperties) = preSolution
		HideSolutionNode = FALSE
	EndGlobalSection
	GlobalSection(ExtensibilityGlobals) = postSolution
		SolutionGuid = {1E3291DD-62F0-4A17-8793-381DFC47F1F2}
	EndGlobalSection
EndGlobal
